{
  "name": "resources",
  "lockfileVersion": 2,
  "requires": true,
  "packages": {
    "": {
      "dependencies": {
        "axios": "^0.21.1"
      }
    },
    "node_modules/axios": {
      "version": "0.21.1",
      "license": "MIT",
      "dependencies": {
        "follow-redirects": "^1.10.0"
      }
    },
    "node_modules/follow-redirects": {
      "version": "1.13.3",
      "funding": [
        {
          "type": "individual",
          "url": "https://github.com/sponsors/RubenVerborgh"
        }
      ],
      "license": "MIT",
      "engines": {
        "node": ">=4.0"
      },
      "peerDependenciesMeta": {
        "debug": {
          "optional": true
        }
      }
    }
  },
  "dependencies": {
    "axios": {
      "version": "0.21.1",
      "requires": {
        "follow-redirects": "^1.10.0"
      }
    },
    "follow-redirects": {
      "version": "1.13.3"
    }
  }
}
